
Microsoft Visual Studio Solution File, Format Version 12.00
# Visual Studio Version 17
VisualStudioVersion = 17.11.35312.102
MinimumVisualStudioVersion = 10.0.40219.1
Project("{FAE04EC0-301F-11D3-BF4B-00C04F79EFBC}") = "TestingAPIS", "TestingAPIS\TestingAPIS.csproj", "{AF42A30C-5E73-4A9F-BCFC-F781D8C09D29}"
EndProject
Global
	GlobalSection(SolutionConfigurationPlatforms) = preSolution
		Debug|Any CPU = Debug|Any CPU
		Release|Any CPU = Release|Any CPU
	EndGlobalSection
	GlobalSection(ProjectConfigurationPlatforms) = postSolution
		{AF42A30C-5E73-4A9F-BCFC-F781D8C09D29}.Debug|Any CPU.ActiveCfg = Debug|Any CPU
		{AF42A30C-5E73-4A9F-BCFC-F781D8C09D29}.Debug|Any CPU.Build.0 = Debug|Any CPU
		{AF42A30C-5E73-4A9F-BCFC-F781D8C09D29}.Release|Any CPU.ActiveCfg = Release|Any CPU
		{AF42A30C-5E73-4A9F-BCFC-F781D8C09D29}.Release|Any CPU.Build.0 = Release|Any CPU
	EndGlobalSection
	GlobalSection(SolutionProperties) = preSolution
		HideSolutionNode = FALSE
	EndGlobalSection
	GlobalSection(ExtensibilityGlobals) = postSolution
		SolutionGuid = {FCA81DCE-AB88-48BD-AC30-7B6541132970}
	EndGlobalSection
EndGlobal
